// !$*UTF8*$!
{
	archiveVersion = 1;
	classes = {
	};
	objectVersion = 55;
	objects = {

/* Begin PBXBuildFile section */
		1E0C335D28137B4A00E40A05 /* UpdateLocationAndGetNearbyRestaurantsUseCase.swift in Sources */ = {isa = PBXBuildFile; fileRef = 1E0C335C28137B4A00E40A05 /* UpdateLocationAndGetNearbyRestaurantsUseCase.swift */; };
		1E4EBD41281457C700F70896 /* UpdateLocationAndGetNearbyRestaurantsUseCaseTests.swift in Sources */ = {isa = PBXBuildFile; fileRef = 1E4EBD40281457C700F70896 /* UpdateLocationAndGetNearbyRestaurantsUseCaseTests.swift */; };
		1E4EBD4328146CF000F70896 /* UpdateLocationAndSearchNearbyRestaurantsUseCaseTests.swift in Sources */ = {isa = PBXBuildFile; fileRef = 1E4EBD4228146CF000F70896 /* UpdateLocationAndSearchNearbyRestaurantsUseCaseTests.swift */; };
		1E8B568C2811EAEB00D1792C /* Core in Frameworks */ = {isa = PBXBuildFile; productRef = 1E8B568B2811EAEB00D1792C /* Core */; };
		1E8B568E2811EAEB00D1792C /* Restaurants in Frameworks */ = {isa = PBXBuildFile; productRef = 1E8B568D2811EAEB00D1792C /* Restaurants */; };
		1E8B56902811EAEB00D1792C /* UI in Frameworks */ = {isa = PBXBuildFile; productRef = 1E8B568F2811EAEB00D1792C /* UI */; };
		1E97F3DE281380E9005C6239 /* Restaurants+ViewModel.swift in Sources */ = {isa = PBXBuildFile; fileRef = 1E97F3DD281380E9005C6239 /* Restaurants+ViewModel.swift */; };
		1EE49FA728148D43005AF2C8 /* Print.swift in Sources */ = {isa = PBXBuildFile; fileRef = 1EE49FA628148D43005AF2C8 /* Print.swift */; };
		1EEFAE3A281382D900A23D41 /* UpdateLocationAndSearchNearbyRestaurantsUseCase.swift in Sources */ = {isa = PBXBuildFile; fileRef = 1EEFAE39281382D900A23D41 /* UpdateLocationAndSearchNearbyRestaurantsUseCase.swift */; };
		1EF20DD1280F65190058734B /* AllTrailsApp.swift in Sources */ = {isa = PBXBuildFile; fileRef = 1EF20DD0280F65190058734B /* AllTrailsApp.swift */; };
		1EF20DD3280F65190058734B /* ContentView.swift in Sources */ = {isa = PBXBuildFile; fileRef = 1EF20DD2280F65190058734B /* ContentView.swift */; };
		1EF20DD5280F65190058734B /* Assets.xcassets in Resources */ = {isa = PBXBuildFile; fileRef = 1EF20DD4280F65190058734B /* Assets.xcassets */; };
		1EF20DD8280F65190058734B /* Preview Assets.xcassets in Resources */ = {isa = PBXBuildFile; fileRef = 1EF20DD7280F65190058734B /* Preview Assets.xcassets */; };
/* End PBXBuildFile section */

/* Begin PBXContainerItemProxy section */
		1EF20DE3280F651A0058734B /* PBXContainerItemProxy */ = {
			isa = PBXContainerItemProxy;
			containerPortal = 1EF20DC5280F65190058734B /* Project object */;
			proxyType = 1;
			remoteGlobalIDString = 1EF20DCC280F65190058734B;
			remoteInfo = AllTrails;
		};
/* End PBXContainerItemProxy section */

/* Begin PBXFileReference section */
		1E0C335C28137B4A00E40A05 /* UpdateLocationAndGetNearbyRestaurantsUseCase.swift */ = {isa = PBXFileReference; lastKnownFileType = sourcecode.swift; path = UpdateLocationAndGetNearbyRestaurantsUseCase.swift; sourceTree = "<group>"; };
		1E4EBD40281457C700F70896 /* UpdateLocationAndGetNearbyRestaurantsUseCaseTests.swift */ = {isa = PBXFileReference; lastKnownFileType = sourcecode.swift; path = UpdateLocationAndGetNearbyRestaurantsUseCaseTests.swift; sourceTree = "<group>"; };
		1E4EBD4228146CF000F70896 /* UpdateLocationAndSearchNearbyRestaurantsUseCaseTests.swift */ = {isa = PBXFileReference; lastKnownFileType = sourcecode.swift; path = UpdateLocationAndSearchNearbyRestaurantsUseCaseTests.swift; sourceTree = "<group>"; };
		1E97F3DD281380E9005C6239 /* Restaurants+ViewModel.swift */ = {isa = PBXFileReference; lastKnownFileType = sourcecode.swift; path = "Restaurants+ViewModel.swift"; sourceTree = "<group>"; };
		1EE49FA628148D43005AF2C8 /* Print.swift */ = {isa = PBXFileReference; fileEncoding = 4; lastKnownFileType = sourcecode.swift; path = Print.swift; sourceTree = "<group>"; };
		1EEFAE39281382D900A23D41 /* UpdateLocationAndSearchNearbyRestaurantsUseCase.swift */ = {isa = PBXFileReference; lastKnownFileType = sourcecode.swift; path = UpdateLocationAndSearchNearbyRestaurantsUseCase.swift; sourceTree = "<group>"; };
		1EF20DCD280F65190058734B /* AllTrails.app */ = {isa = PBXFileReference; explicitFileType = wrapper.application; includeInIndex = 0; path = AllTrails.app; sourceTree = BUILT_PRODUCTS_DIR; };
		1EF20DD0280F65190058734B /* AllTrailsApp.swift */ = {isa = PBXFileReference; lastKnownFileType = sourcecode.swift; path = AllTrailsApp.swift; sourceTree = "<group>"; };
		1EF20DD2280F65190058734B /* ContentView.swift */ = {isa = PBXFileReference; lastKnownFileType = sourcecode.swift; path = ContentView.swift; sourceTree = "<group>"; };
		1EF20DD4280F65190058734B /* Assets.xcassets */ = {isa = PBXFileReference; lastKnownFileType = folder.assetcatalog; path = Assets.xcassets; sourceTree = "<group>"; };
		1EF20DD7280F65190058734B /* Preview Assets.xcassets */ = {isa = PBXFileReference; lastKnownFileType = folder.assetcatalog; path = "Preview Assets.xcassets"; sourceTree = "<group>"; };
		1EF20DE2280F651A0058734B /* AllTrailsTests.xctest */ = {isa = PBXFileReference; explicitFileType = wrapper.cfbundle; includeInIndex = 0; path = AllTrailsTests.xctest; sourceTree = BUILT_PRODUCTS_DIR; };
/* End PBXFileReference section */

/* Begin PBXFrameworksBuildPhase section */
		1EF20DCA280F65190058734B /* Frameworks */ = {
			isa = PBXFrameworksBuildPhase;
			buildActionMask = 2147483647;
			files = (
				1E8B568C2811EAEB00D1792C /* Core in Frameworks */,
				1E8B56902811EAEB00D1792C /* UI in Frameworks */,
				1E8B568E2811EAEB00D1792C /* Restaurants in Frameworks */,
			);
			runOnlyForDeploymentPostprocessing = 0;
		};
		1EF20DDF280F651A0058734B /* Frameworks */ = {
			isa = PBXFrameworksBuildPhase;
			buildActionMask = 2147483647;
			files = (
			);
			runOnlyForDeploymentPostprocessing = 0;
		};
/* End PBXFrameworksBuildPhase section */

/* Begin PBXGroup section */
		1E0C335928137ADE00E40A05 /* UI */ = {
			isa = PBXGroup;
			children = (
				1EF20DD2280F65190058734B /* ContentView.swift */,
				1EF20DD0280F65190058734B /* AllTrailsApp.swift */,
			);
			path = UI;
			sourceTree = "<group>";
		};
		1E0C335A28137AE400E40A05 /* Supported Files */ = {
			isa = PBXGroup;
			children = (
				1EF20DD6280F65190058734B /* Preview Content */,
				1EF20DD4280F65190058734B /* Assets.xcassets */,
			);
			name = "Supported Files";
			sourceTree = "<group>";
		};
		1E0C335B28137AF700E40A05 /* Decorators */ = {
			isa = PBXGroup;
			children = (
				1E0C335C28137B4A00E40A05 /* UpdateLocationAndGetNearbyRestaurantsUseCase.swift */,
				1EEFAE39281382D900A23D41 /* UpdateLocationAndSearchNearbyRestaurantsUseCase.swift */,
			);
			path = Decorators;
			sourceTree = "<group>";
		};
		1E8B568A2811EAEB00D1792C /* Frameworks */ = {
			isa = PBXGroup;
			children = (
			);
			name = Frameworks;
			sourceTree = "<group>";
		};
		1E97F3DB281380CE005C6239 /* Factories */ = {
			isa = PBXGroup;
			children = (
				1E97F3DC281380D3005C6239 /* ViewModels */,
			);
			path = Factories;
			sourceTree = "<group>";
		};
		1E97F3DC281380D3005C6239 /* ViewModels */ = {
			isa = PBXGroup;
			children = (
				1E97F3DD281380E9005C6239 /* Restaurants+ViewModel.swift */,
			);
			path = ViewModels;
			sourceTree = "<group>";
		};
		1EE49FA528148D43005AF2C8 /* Logging */ = {
			isa = PBXGroup;
			children = (
				1EE49FA628148D43005AF2C8 /* Print.swift */,
			);
			path = Logging;
			sourceTree = "<group>";
		};
		1EF20DC4280F65190058734B = {
			isa = PBXGroup;
			children = (
				1EF20DCF280F65190058734B /* AllTrails */,
				1EF20DE5280F651A0058734B /* AllTrailsTests */,
				1EF20DCE280F65190058734B /* Products */,
				1E8B568A2811EAEB00D1792C /* Frameworks */,
			);
			sourceTree = "<group>";
		};
		1EF20DCE280F65190058734B /* Products */ = {
			isa = PBXGroup;
			children = (
				1EF20DCD280F65190058734B /* AllTrails.app */,
				1EF20DE2280F651A0058734B /* AllTrailsTests.xctest */,
			);
			name = Products;
			sourceTree = "<group>";
		};
		1EF20DCF280F65190058734B /* AllTrails */ = {
			isa = PBXGroup;
			children = (
				1EE49FA528148D43005AF2C8 /* Logging */,
				1E97F3DB281380CE005C6239 /* Factories */,
				1E0C335B28137AF700E40A05 /* Decorators */,
				1E0C335A28137AE400E40A05 /* Supported Files */,
				1E0C335928137ADE00E40A05 /* UI */,
			);
			path = AllTrails;
			sourceTree = "<group>";
		};
		1EF20DD6280F65190058734B /* Preview Content */ = {
			isa = PBXGroup;
			children = (
				1EF20DD7280F65190058734B /* Preview Assets.xcassets */,
			);
			path = "Preview Content";
			sourceTree = "<group>";
		};
		1EF20DE5280F651A0058734B /* AllTrailsTests */ = {
			isa = PBXGroup;
			children = (
				1E4EBD40281457C700F70896 /* UpdateLocationAndGetNearbyRestaurantsUseCaseTests.swift */,
				1E4EBD4228146CF000F70896 /* UpdateLocationAndSearchNearbyRestaurantsUseCaseTests.swift */,
			);
			path = AllTrailsTests;
			sourceTree = "<group>";
		};
/* End PBXGroup section */

/* Begin PBXNativeTarget section */
		1EF20DCC280F65190058734B /* AllTrails */ = {
			isa = PBXNativeTarget;
			buildConfigurationList = 1EF20DF6280F651A0058734B /* Build configuration list for PBXNativeTarget "AllTrails" */;
			buildPhases = (
				1EF20DC9280F65190058734B /* Sources */,
				1EF20DCA280F65190058734B /* Frameworks */,
				1EF20DCB280F65190058734B /* Resources */,
			);
			buildRules = (
			);
			dependencies = (
			);
			name = AllTrails;
			packageProductDependencies = (
				1E8B568B2811EAEB00D1792C /* Core */,
				1E8B568D2811EAEB00D1792C /* Restaurants */,
				1E8B568F2811EAEB00D1792C /* UI */,
			);
			productName = AllTrails;
			productReference = 1EF20DCD280F65190058734B /* AllTrails.app */;
			productType = "com.apple.product-type.application";
		};
		1EF20DE1280F651A0058734B /* AllTrailsTests */ = {
			isa = PBXNativeTarget;
			buildConfigurationList = 1EF20DF9280F651A0058734B /* Build configuration list for PBXNativeTarget "AllTrailsTests" */;
			buildPhases = (
				1EF20DDE280F651A0058734B /* Sources */,
				1EF20DDF280F651A0058734B /* Frameworks */,
				1EF20DE0280F651A0058734B /* Resources */,
			);
			buildRules = (
			);
			dependencies = (
				1EF20DE4280F651A0058734B /* PBXTargetDependency */,
			);
			name = AllTrailsTests;
			productName = AllTrailsTests;
			productReference = 1EF20DE2280F651A0058734B /* AllTrailsTests.xctest */;
			productType = "com.apple.product-type.bundle.unit-test";
		};
/* End PBXNativeTarget section */

/* Begin PBXProject section */
		1EF20DC5280F65190058734B /* Project object */ = {
			isa = PBXProject;
			attributes = {
				BuildIndependentTargetsInParallel = 1;
				LastSwiftUpdateCheck = 1330;
				LastUpgradeCheck = 1330;
				TargetAttributes = {
					1EF20DCC280F65190058734B = {
						CreatedOnToolsVersion = 13.3.1;
					};
					1EF20DE1280F651A0058734B = {
						CreatedOnToolsVersion = 13.3.1;
						TestTargetID = 1EF20DCC280F65190058734B;
					};
				};
			};
			buildConfigurationList = 1EF20DC8280F65190058734B /* Build configuration list for PBXProject "AllTrails" */;
			compatibilityVersion = "Xcode 13.0";
			developmentRegion = en;
			hasScannedForEncodings = 0;
			knownRegions = (
				en,
				Base,
			);
			mainGroup = 1EF20DC4280F65190058734B;
			productRefGroup = 1EF20DCE280F65190058734B /* Products */;
			projectDirPath = "";
			projectRoot = "";
			targets = (
				1EF20DCC280F65190058734B /* AllTrails */,
				1EF20DE1280F651A0058734B /* AllTrailsTests */,
			);
		};
/* End PBXProject section */

/* Begin PBXResourcesBuildPhase section */
		1EF20DCB280F65190058734B /* Resources */ = {
			isa = PBXResourcesBuildPhase;
			buildActionMask = 2147483647;
			files = (
				1EF20DD8280F65190058734B /* Preview Assets.xcassets in Resources */,
				1EF20DD5280F65190058734B /* Assets.xcassets in Resources */,
			);
			runOnlyForDeploymentPostprocessing = 0;
		};
		1EF20DE0280F651A0058734B /* Resources */ = {
			isa = PBXResourcesBuildPhase;
			buildActionMask = 2147483647;
			files = (
			);
			runOnlyForDeploymentPostprocessing = 0;
		};
/* End PBXResourcesBuildPhase section */

/* Begin PBXSourcesBuildPhase section */
		1EF20DC9280F65190058734B /* Sources */ = {
			isa = PBXSourcesBuildPhase;
			buildActionMask = 2147483647;
			files = (
				1EF20DD3280F65190058734B /* ContentView.swift in Sources */,
				1EE49FA728148D43005AF2C8 /* Print.swift in Sources */,
				1E97F3DE281380E9005C6239 /* Restaurants+ViewModel.swift in Sources */,
				1EEFAE3A281382D900A23D41 /* UpdateLocationAndSearchNearbyRestaurantsUseCase.swift in Sources */,
				1E0C335D28137B4A00E40A05 /* UpdateLocationAndGetNearbyRestaurantsUseCase.swift in Sources */,
				1EF20DD1280F65190058734B /* AllTrailsApp.swift in Sources */,
			);
			runOnlyForDeploymentPostprocessing = 0;
		};
		1EF20DDE280F651A0058734B /* Sources */ = {
			isa = PBXSourcesBuildPhase;
			buildActionMask = 2147483647;
			files = (
				1E4EBD41281457C700F70896 /* UpdateLocationAndGetNearbyRestaurantsUseCaseTests.swift in Sources */,
				1E4EBD4328146CF000F70896 /* UpdateLocationAndSearchNearbyRestaurantsUseCaseTests.swift in Sources */,
			);
			runOnlyForDeploymentPostprocessing = 0;
		};
/* End PBXSourcesBuildPhase section */

/* Begin PBXTargetDependency section */
		1EF20DE4280F651A0058734B /* PBXTargetDependency */ = {
			isa = PBXTargetDependency;
			target = 1EF20DCC280F65190058734B /* AllTrails */;
			targetProxy = 1EF20DE3280F651A0058734B /* PBXContainerItemProxy */;
		};
/* End PBXTargetDependency section */

/* Begin XCBuildConfiguration section */
		1EF20DF4280F651A0058734B /* Debug */ = {
			isa = XCBuildConfiguration;
			buildSettings = {
				ALWAYS_SEARCH_USER_PATHS = NO;
				CLANG_ANALYZER_NONNULL = YES;
				CLANG_ANALYZER_NUMBER_OBJECT_CONVERSION = YES_AGGRESSIVE;
				CLANG_CXX_LANGUAGE_STANDARD = "gnu++17";
				CLANG_ENABLE_MODULES = YES;
				CLANG_ENABLE_OBJC_ARC = YES;
				CLANG_ENABLE_OBJC_WEAK = YES;
				CLANG_WARN_BLOCK_CAPTURE_AUTORELEASING = YES;
				CLANG_WARN_BOOL_CONVERSION = YES;
				CLANG_WARN_COMMA = YES;
				CLANG_WARN_CONSTANT_CONVERSION = YES;
				CLANG_WARN_DEPRECATED_OBJC_IMPLEMENTATIONS = YES;
				CLANG_WARN_DIRECT_OBJC_ISA_USAGE = YES_ERROR;
				CLANG_WARN_DOCUMENTATION_COMMENTS = YES;
				CLANG_WARN_EMPTY_BODY = YES;
				CLANG_WARN_ENUM_CONVERSION = YES;
				CLANG_WARN_INFINITE_RECURSION = YES;
				CLANG_WARN_INT_CONVERSION = YES;
				CLANG_WARN_NON_LITERAL_NULL_CONVERSION = YES;
				CLANG_WARN_OBJC_IMPLICIT_RETAIN_SELF = YES;
				CLANG_WARN_OBJC_LITERAL_CONVERSION = YES;
				CLANG_WARN_OBJC_ROOT_CLASS = YES_ERROR;
				CLANG_WARN_QUOTED_INCLUDE_IN_FRAMEWORK_HEADER = YES;
				CLANG_WARN_RANGE_LOOP_ANALYSIS = YES;
				CLANG_WARN_STRICT_PROTOTYPES = YES;
				CLANG_WARN_SUSPICIOUS_MOVE = YES;
				CLANG_WARN_UNGUARDED_AVAILABILITY = YES_AGGRESSIVE;
				CLANG_WARN_UNREACHABLE_CODE = YES;
				CLANG_WARN__DUPLICATE_METHOD_MATCH = YES;
				COPY_PHASE_STRIP = NO;
				DEBUG_INFORMATION_FORMAT = dwarf;
				ENABLE_STRICT_OBJC_MSGSEND = YES;
				ENABLE_TESTABILITY = YES;
				GCC_C_LANGUAGE_STANDARD = gnu11;
				GCC_DYNAMIC_NO_PIC = NO;
				GCC_NO_COMMON_BLOCKS = YES;
				GCC_OPTIMIZATION_LEVEL = 0;
				GCC_PREPROCESSOR_DEFINITIONS = (
					"DEBUG=1",
					"$(inherited)",
				);
				GCC_WARN_64_TO_32_BIT_CONVERSION = YES;
				GCC_WARN_ABOUT_RETURN_TYPE = YES_ERROR;
				GCC_WARN_UNDECLARED_SELECTOR = YES;
				GCC_WARN_UNINITIALIZED_AUTOS = YES_AGGRESSIVE;
				GCC_WARN_UNUSED_FUNCTION = YES;
				GCC_WARN_UNUSED_VARIABLE = YES;
				IPHONEOS_DEPLOYMENT_TARGET = 15.4;
				MTL_ENABLE_DEBUG_INFO = INCLUDE_SOURCE;
				MTL_FAST_MATH = YES;
				ONLY_ACTIVE_ARCH = YES;
				SDKROOT = iphoneos;
				SWIFT_ACTIVE_COMPILATION_CONDITIONS = DEBUG;
				SWIFT_OPTIMIZATION_LEVEL = "-Onone";
			};
			name = Debug;
		};
		1EF20DF5280F651A0058734B /* Release */ = {
			isa = XCBuildConfiguration;
			buildSettings = {
				ALWAYS_SEARCH_USER_PATHS = NO;
				CLANG_ANALYZER_NONNULL = YES;
				CLANG_ANALYZER_NUMBER_OBJECT_CONVERSION = YES_AGGRESSIVE;
				CLANG_CXX_LANGUAGE_STANDARD = "gnu++17";
				CLANG_ENABLE_MODULES = YES;
				CLANG_ENABLE_OBJC_ARC = YES;
				CLANG_ENABLE_OBJC_WEAK = YES;
				CLANG_WARN_BLOCK_CAPTURE_AUTORELEASING = YES;
				CLANG_WARN_BOOL_CONVERSION = YES;
				CLANG_WARN_COMMA = YES;
				CLANG_WARN_CONSTANT_CONVERSION = YES;
				CLANG_WARN_DEPRECATED_OBJC_IMPLEMENTATIONS = YES;
				CLANG_WARN_DIRECT_OBJC_ISA_USAGE = YES_ERROR;
				CLANG_WARN_DOCUMENTATION_COMMENTS = YES;
				CLANG_WARN_EMPTY_BODY = YES;
				CLANG_WARN_ENUM_CONVERSION = YES;
				CLANG_WARN_INFINITE_RECURSION = YES;
				CLANG_WARN_INT_CONVERSION = YES;
				CLANG_WARN_NON_LITERAL_NULL_CONVERSION = YES;
				CLANG_WARN_OBJC_IMPLICIT_RETAIN_SELF = YES;
				CLANG_WARN_OBJC_LITERAL_CONVERSION = YES;
				CLANG_WARN_OBJC_ROOT_CLASS = YES_ERROR;
				CLANG_WARN_QUOTED_INCLUDE_IN_FRAMEWORK_HEADER = YES;
				CLANG_WARN_RANGE_LOOP_ANALYSIS = YES;
				CLANG_WARN_STRICT_PROTOTYPES = YES;
				CLANG_WARN_SUSPICIOUS_MOVE = YES;
				CLANG_WARN_UNGUARDED_AVAILABILITY = YES_AGGRESSIVE;
				CLANG_WARN_UNREACHABLE_CODE = YES;
				CLANG_WARN__DUPLICATE_METHOD_MATCH = YES;
				COPY_PHASE_STRIP = NO;
				DEBUG_INFORMATION_FORMAT = "dwarf-with-dsym";
				ENABLE_NS_ASSERTIONS = NO;
				ENABLE_STRICT_OBJC_MSGSEND = YES;
				GCC_C_LANGUAGE_STANDARD = gnu11;
				GCC_NO_COMMON_BLOCKS = YES;
				GCC_WARN_64_TO_32_BIT_CONVERSION = YES;
				GCC_WARN_ABOUT_RETURN_TYPE = YES_ERROR;
				GCC_WARN_UNDECLARED_SELECTOR = YES;
				GCC_WARN_UNINITIALIZED_AUTOS = YES_AGGRESSIVE;
				GCC_WARN_UNUSED_FUNCTION = YES;
				GCC_WARN_UNUSED_VARIABLE = YES;
				IPHONEOS_DEPLOYMENT_TARGET = 15.4;
				MTL_ENABLE_DEBUG_INFO = NO;
				MTL_FAST_MATH = YES;
				SDKROOT = iphoneos;
				SWIFT_COMPILATION_MODE = wholemodule;
				SWIFT_OPTIMIZATION_LEVEL = "-O";
				VALIDATE_PRODUCT = YES;
			};
			name = Release;
		};
		1EF20DF7280F651A0058734B /* Debug */ = {
			isa = XCBuildConfiguration;
			buildSettings = {
				ASSETCATALOG_COMPILER_APPICON_NAME = AppIcon;
				ASSETCATALOG_COMPILER_GLOBAL_ACCENT_COLOR_NAME = AccentColor;
				CODE_SIGN_STYLE = Automatic;
				CURRENT_PROJECT_VERSION = 1;
				DEVELOPMENT_ASSET_PATHS = "\"AllTrails/Preview Content\"";
				DEVELOPMENT_TEAM = P7LU4G83GL;
				ENABLE_PREVIEWS = YES;
				GENERATE_INFOPLIST_FILE = YES;
				INFOPLIST_KEY_NSLocationWhenInUseUsageDescription = "We need permission track your location to give you restaurants nearby";
				INFOPLIST_KEY_UIApplicationSceneManifest_Generation = YES;
				INFOPLIST_KEY_UIApplicationSupportsIndirectInputEvents = YES;
				INFOPLIST_KEY_UILaunchScreen_Generation = YES;
				INFOPLIST_KEY_UISupportedInterfaceOrientations_iPad = "UIInterfaceOrientationPortrait UIInterfaceOrientationPortraitUpsideDown UIInterfaceOrientationLandscapeLeft UIInterfaceOrientationLandscapeRight";
				INFOPLIST_KEY_UISupportedInterfaceOrientations_iPhone = "UIInterfaceOrientationPortrait UIInterfaceOrientationLandscapeLeft UIInterfaceOrientationLandscapeRight";
				LD_RUNPATH_SEARCH_PATHS = (
					"$(inherited)",
					"@executable_path/Frameworks",
				);
				MARKETING_VERSION = 1.0;
				PRODUCT_BUNDLE_IDENTIFIER = com.homework.AllTrails;
				PRODUCT_NAME = "$(TARGET_NAME)";
				SWIFT_EMIT_LOC_STRINGS = YES;
				SWIFT_VERSION = 5.0;
				TARGETED_DEVICE_FAMILY = "1,2";
			};
			name = Debug;
		};
		1EF20DF8280F651A0058734B /* Release */ = {
			isa = XCBuildConfiguration;
			buildSettings = {
				ASSETCATALOG_COMPILER_APPICON_NAME = AppIcon;
				ASSETCATALOG_COMPILER_GLOBAL_ACCENT_COLOR_NAME = AccentColor;
				CODE_SIGN_STYLE = Automatic;
				CURRENT_PROJECT_VERSION = 1;
				DEVELOPMENT_ASSET_PATHS = "\"AllTrails/Preview Content\"";
				DEVELOPMENT_TEAM = P7LU4G83GL;
				ENABLE_PREVIEWS = YES;
				GENERATE_INFOPLIST_FILE = YES;
				INFOPLIST_KEY_NSLocationWhenInUseUsageDescription = "We need permission track your location to give you restaurants nearby";
				INFOPLIST_KEY_UIApplicationSceneManifest_Generation = YES;
				INFOPLIST_KEY_UIApplicationSupportsIndirectInputEvents = YES;
				INFOPLIST_KEY_UILaunchScreen_Generation = YES;
				INFOPLIST_KEY_UISupportedInterfaceOrientations_iPad = "UIInterfaceOrientationPortrait UIInterfaceOrientationPortraitUpsideDown UIInterfaceOrientationLandscapeLeft UIInterfaceOrientationLandscapeRight";
				INFOPLIST_KEY_UISupportedInterfaceOrientations_iPhone = "UIInterfaceOrientationPortrait UIInterfaceOrientationLandscapeLeft UIInterfaceOrientationLandscapeRight";
				LD_RUNPATH_SEARCH_PATHS = (
					"$(inherited)",
					"@executable_path/Frameworks",
				);
				MARKETING_VERSION = 1.0;
				PRODUCT_BUNDLE_IDENTIFIER = com.homework.AllTrails;
				PRODUCT_NAME = "$(TARGET_NAME)";
				SWIFT_EMIT_LOC_STRINGS = YES;
				SWIFT_VERSION = 5.0;
				TARGETED_DEVICE_FAMILY = "1,2";
			};
			name = Release;
		};
		1EF20DFA280F651A0058734B /* Debug */ = {
			isa = XCBuildConfiguration;
			buildSettings = {
				ALWAYS_EMBED_SWIFT_STANDARD_LIBRARIES = YES;
				BUNDLE_LOADER = "$(TEST_HOST)";
				CODE_SIGN_STYLE = Automatic;
				CURRENT_PROJECT_VERSION = 1;
				DEVELOPMENT_TEAM = P7LU4G83GL;
				GENERATE_INFOPLIST_FILE = YES;
				IPHONEOS_DEPLOYMENT_TARGET = 15.4;
				MARKETING_VERSION = 1.0;
				PRODUCT_BUNDLE_IDENTIFIER = com.homework.AllTrailsTests;
				PRODUCT_NAME = "$(TARGET_NAME)";
				SWIFT_EMIT_LOC_STRINGS = NO;
				SWIFT_VERSION = 5.0;
				TARGETED_DEVICE_FAMILY = "1,2";
				TEST_HOST = "$(BUILT_PRODUCTS_DIR)/AllTrails.app/AllTrails";
			};
			name = Debug;
		};
		1EF20DFB280F651A0058734B /* Release */ = {
			isa = XCBuildConfiguration;
			buildSettings = {
				ALWAYS_EMBED_SWIFT_STANDARD_LIBRARIES = YES;
				BUNDLE_LOADER = "$(TEST_HOST)";
				CODE_SIGN_STYLE = Automatic;
				CURRENT_PROJECT_VERSION = 1;
				DEVELOPMENT_TEAM = P7LU4G83GL;
				GENERATE_INFOPLIST_FILE = YES;
				IPHONEOS_DEPLOYMENT_TARGET = 15.4;
				MARKETING_VERSION = 1.0;
				PRODUCT_BUNDLE_IDENTIFIER = com.homework.AllTrailsTests;
				PRODUCT_NAME = "$(TARGET_NAME)";
				SWIFT_EMIT_LOC_STRINGS = NO;
				SWIFT_VERSION = 5.0;
				TARGETED_DEVICE_FAMILY = "1,2";
				TEST_HOST = "$(BUILT_PRODUCTS_DIR)/AllTrails.app/AllTrails";
			};
			name = Release;
		};
/* End XCBuildConfiguration section */

/* Begin XCConfigurationList section */
		1EF20DC8280F65190058734B /* Build configuration list for PBXProject "AllTrails" */ = {
			isa = XCConfigurationList;
			buildConfigurations = (
				1EF20DF4280F651A0058734B /* Debug */,
				1EF20DF5280F651A0058734B /* Release */,
			);
			defaultConfigurationIsVisible = 0;
			defaultConfigurationName = Release;
		};
		1EF20DF6280F651A0058734B /* Build configuration list for PBXNativeTarget "AllTrails" */ = {
			isa = XCConfigurationList;
			buildConfigurations = (
				1EF20DF7280F651A0058734B /* Debug */,
				1EF20DF8280F651A0058734B /* Release */,
			);
			defaultConfigurationIsVisible = 0;
			defaultConfigurationName = Release;
		};
		1EF20DF9280F651A0058734B /* Build configuration list for PBXNativeTarget "AllTrailsTests" */ = {
			isa = XCConfigurationList;
			buildConfigurations = (
				1EF20DFA280F651A0058734B /* Debug */,
				1EF20DFB280F651A0058734B /* Release */,
			);
			defaultConfigurationIsVisible = 0;
			defaultConfigurationName = Release;
		};
/* End XCConfigurationList section */

/* Begin XCSwiftPackageProductDependency section */
		1E8B568B2811EAEB00D1792C /* Core */ = {
			isa = XCSwiftPackageProductDependency;
			productName = Core;
		};
		1E8B568D2811EAEB00D1792C /* Restaurants */ = {
			isa = XCSwiftPackageProductDependency;
			productName = Restaurants;
		};
		1E8B568F2811EAEB00D1792C /* UI */ = {
			isa = XCSwiftPackageProductDependency;
			productName = UI;
		};
/* End XCSwiftPackageProductDependency section */
	};
	rootObject = 1EF20DC5280F65190058734B /* Project object */;
}
